
Microsoft Visual Studio Solution File, Format Version 12.00
# Visual Studio Version 17
VisualStudioVersion = 17.11.35222.181
MinimumVisualStudioVersion = 10.0.40219.1
Project("{FAE04EC0-301F-11D3-BF4B-00C04F79EFBC}") = "AbstractFactory", "AbstractFactory\AbstractFactory.csproj", "{4A47C28C-98DD-454B-8C17-898087287CDB}"
EndProject
Global
	GlobalSection(SolutionConfigurationPlatforms) = preSolution
		Debug|Any CPU = Debug|Any CPU
		Release|Any CPU = Release|Any CPU
	EndGlobalSection
	GlobalSection(ProjectConfigurationPlatforms) = postSolution
		{4A47C28C-98DD-454B-8C17-898087287CDB}.Debug|Any CPU.ActiveCfg = Debug|Any CPU
		{4A47C28C-98DD-454B-8C17-898087287CDB}.Debug|Any CPU.Build.0 = Debug|Any CPU
		{4A47C28C-98DD-454B-8C17-898087287CDB}.Release|Any CPU.ActiveCfg = Release|Any CPU
		{4A47C28C-98DD-454B-8C17-898087287CDB}.Release|Any CPU.Build.0 = Release|Any CPU
	EndGlobalSection
	GlobalSection(SolutionProperties) = preSolution
		HideSolutionNode = FALSE
	EndGlobalSection
	GlobalSection(ExtensibilityGlobals) = postSolution
		SolutionGuid = {B4A23406-9C1C-45ED-891A-4A1B1A4F842C}
	EndGlobalSection
EndGlobal
